
Microsoft Visual Studio Solution File, Format Version 12.00
# Visual Studio Version 16
VisualStudioVersion = 16.0.30621.155
MinimumVisualStudioVersion = 10.0.40219.1
Project("{FAE04EC0-301F-11D3-BF4B-00C04F79EFBC}") = "AppSalesUseNetCore", "AppSalesUseNetCore\AppSalesUseNetCore.csproj", "{F8D48F98-FBF5-4764-9069-59147D964D45}"
EndProject
Global
	GlobalSection(SolutionConfigurationPlatforms) = preSolution
		Debug|Any CPU = Debug|Any CPU
		Release|Any CPU = Release|Any CPU
	EndGlobalSection
	GlobalSection(ProjectConfigurationPlatforms) = postSolution
		{F8D48F98-FBF5-4764-9069-59147D964D45}.Debug|Any CPU.ActiveCfg = Debug|Any CPU
		{F8D48F98-FBF5-4764-9069-59147D964D45}.Debug|Any CPU.Build.0 = Debug|Any CPU
		{F8D48F98-FBF5-4764-9069-59147D964D45}.Release|Any CPU.ActiveCfg = Release|Any CPU
		{F8D48F98-FBF5-4764-9069-59147D964D45}.Release|Any CPU.Build.0 = Release|Any CPU
	EndGlobalSection
	GlobalSection(SolutionProperties) = preSolution
		HideSolutionNode = FALSE
	EndGlobalSection
	GlobalSection(ExtensibilityGlobals) = postSolution
		SolutionGuid = {7235018D-EA71-4397-A09B-98479CB98E1D}
	EndGlobalSection
EndGlobal
